
Microsoft Visual Studio Solution File, Format Version 12.00
# Visual Studio 15
VisualStudioVersion = 15.0.26730.10
MinimumVisualStudioVersion = 10.0.40219.1
Project("{FAE04EC0-301F-11D3-BF4B-00C04F79EFBC}") = "CSharpExamples", "CSharpExamples.csproj", "{B19D036F-5CDA-4561-8F53-4D26C6E53BC6}"
EndProject
Project("{FAE04EC0-301F-11D3-BF4B-00C04F79EFBC}") = "TE1", "..\TE1\TE1.csproj", "{F2E18DD9-B97D-405B-9332-F2D4FC270428}"
EndProject
Project("{FAE04EC0-301F-11D3-BF4B-00C04F79EFBC}") = "TE1.Tests", "TE1.Tests\TE1.Tests.csproj", "{EB99FC25-473A-4EE4-AA8A-33855172EA49}"
EndProject
Global
	GlobalSection(SolutionConfigurationPlatforms) = preSolution
		Debug|Any CPU = Debug|Any CPU
		Release|Any CPU = Release|Any CPU
	EndGlobalSection
	GlobalSection(ProjectConfigurationPlatforms) = postSolution
		{B19D036F-5CDA-4561-8F53-4D26C6E53BC6}.Debug|Any CPU.ActiveCfg = Debug|Any CPU
		{B19D036F-5CDA-4561-8F53-4D26C6E53BC6}.Debug|Any CPU.Build.0 = Debug|Any CPU
		{B19D036F-5CDA-4561-8F53-4D26C6E53BC6}.Release|Any CPU.ActiveCfg = Release|Any CPU
		{B19D036F-5CDA-4561-8F53-4D26C6E53BC6}.Release|Any CPU.Build.0 = Release|Any CPU
		{F2E18DD9-B97D-405B-9332-F2D4FC270428}.Debug|Any CPU.ActiveCfg = Debug|Any CPU
		{F2E18DD9-B97D-405B-9332-F2D4FC270428}.Debug|Any CPU.Build.0 = Debug|Any CPU
		{F2E18DD9-B97D-405B-9332-F2D4FC270428}.Release|Any CPU.ActiveCfg = Release|Any CPU
		{F2E18DD9-B97D-405B-9332-F2D4FC270428}.Release|Any CPU.Build.0 = Release|Any CPU
		{EB99FC25-473A-4EE4-AA8A-33855172EA49}.Debug|Any CPU.ActiveCfg = Debug|Any CPU
		{EB99FC25-473A-4EE4-AA8A-33855172EA49}.Debug|Any CPU.Build.0 = Debug|Any CPU
		{EB99FC25-473A-4EE4-AA8A-33855172EA49}.Release|Any CPU.ActiveCfg = Release|Any CPU
		{EB99FC25-473A-4EE4-AA8A-33855172EA49}.Release|Any CPU.Build.0 = Release|Any CPU
	EndGlobalSection
	GlobalSection(SolutionProperties) = preSolution
		HideSolutionNode = FALSE
	EndGlobalSection
	GlobalSection(ExtensibilityGlobals) = postSolution
		SolutionGuid = {CD014E9D-D885-4FE1-9BB7-2B76ACC2FCA3}
	EndGlobalSection
EndGlobal
